
Microsoft Visual Studio Solution File, Format Version 12.00
# Visual Studio Version 17
VisualStudioVersion = 17.11.35303.130
MinimumVisualStudioVersion = 10.0.40219.1
Project("{9A19103F-16F7-4668-BE54-9A1E7A4F7556}") = "SlayTheSpire", "SlayTheSpire\SlayTheSpire.csproj", "{9926B062-4D46-40A6-83F2-6C738991892F}"
EndProject
Global
	GlobalSection(SolutionConfigurationPlatforms) = preSolution
		Debug|Any CPU = Debug|Any CPU
		Debug|x64 = Debug|x64
		Release|Any CPU = Release|Any CPU
		Release|x64 = Release|x64
	EndGlobalSection
	GlobalSection(ProjectConfigurationPlatforms) = postSolution
		{9926B062-4D46-40A6-83F2-6C738991892F}.Debug|Any CPU.ActiveCfg = Debug|Any CPU
		{9926B062-4D46-40A6-83F2-6C738991892F}.Debug|Any CPU.Build.0 = Debug|Any CPU
		{9926B062-4D46-40A6-83F2-6C738991892F}.Debug|x64.ActiveCfg = Debug|x64
		{9926B062-4D46-40A6-83F2-6C738991892F}.Debug|x64.Build.0 = Debug|x64
		{9926B062-4D46-40A6-83F2-6C738991892F}.Release|Any CPU.ActiveCfg = Release|Any CPU
		{9926B062-4D46-40A6-83F2-6C738991892F}.Release|Any CPU.Build.0 = Release|Any CPU
		{9926B062-4D46-40A6-83F2-6C738991892F}.Release|x64.ActiveCfg = Release|x64
		{9926B062-4D46-40A6-83F2-6C738991892F}.Release|x64.Build.0 = Release|x64
	EndGlobalSection
	GlobalSection(SolutionProperties) = preSolution
		HideSolutionNode = FALSE
	EndGlobalSection
	GlobalSection(ExtensibilityGlobals) = postSolution
		SolutionGuid = {CBBB969E-F0D9-456E-BDF2-413239223678}
	EndGlobalSection
EndGlobal
